
Microsoft Visual Studio Solution File, Format Version 12.00
# Visual Studio 15
VisualStudioVersion = 15.0.28010.2026
MinimumVisualStudioVersion = 10.0.40219.1
Project("{FAE04EC0-301F-11D3-BF4B-00C04F79EFBC}") = "TCPClientMandatory", "TCPClientMandatory\TCPClientMandatory.csproj", "{BBEF90CC-2996-44F4-A6EE-BB8A0203BA81}"
EndProject
Global
	GlobalSection(SolutionConfigurationPlatforms) = preSolution
		Debug|Any CPU = Debug|Any CPU
		Release|Any CPU = Release|Any CPU
	EndGlobalSection
	GlobalSection(ProjectConfigurationPlatforms) = postSolution
		{BBEF90CC-2996-44F4-A6EE-BB8A0203BA81}.Debug|Any CPU.ActiveCfg = Debug|Any CPU
		{BBEF90CC-2996-44F4-A6EE-BB8A0203BA81}.Debug|Any CPU.Build.0 = Debug|Any CPU
		{BBEF90CC-2996-44F4-A6EE-BB8A0203BA81}.Release|Any CPU.ActiveCfg = Release|Any CPU
		{BBEF90CC-2996-44F4-A6EE-BB8A0203BA81}.Release|Any CPU.Build.0 = Release|Any CPU
	EndGlobalSection
	GlobalSection(SolutionProperties) = preSolution
		HideSolutionNode = FALSE
	EndGlobalSection
	GlobalSection(ExtensibilityGlobals) = postSolution
		SolutionGuid = {6909D178-05B3-4529-A211-7C119E95D4B9}
	EndGlobalSection
EndGlobal
